{
  "version": 4,
  "terraform_version": "1.13.5",
  "serial": 16,
  "lineage": "a3cea8bd-f2e9-6483-ea10-4d34a029f855",
  "outputs": {
    "github_oidc_role_arn": {
      "value": "arn:aws:iam::061051251789:role/GitHub-OIDC-RaaS-Deploy-Role-20251129112612330200000001",
      "type": "string"
    }
  },
  "resources": [
    {
      "mode": "managed",
      "type": "aws_s3_bucket",
      "name": "terraform_state_bucket",
      "provider": "provider[\"registry.terraform.io/hashicorp/aws\"]",
      "instances": [
        {
          "schema_version": 0,
          "attributes": {
            "acceleration_status": "",
            "acl": null,
            "arn": "arn:aws:s3:::raas-terraform-state-bucket",
            "bucket": "raas-terraform-state-bucket",
            "bucket_domain_name": "raas-terraform-state-bucket.s3.amazonaws.com",
            "bucket_prefix": "",
            "bucket_region": "us-east-1",
            "bucket_regional_domain_name": "raas-terraform-state-bucket.s3.us-east-1.amazonaws.com",
            "cors_rule": [],
            "force_destroy": false,
            "grant": [
              {
                "id": "a88ec7cffc92f747c51303de2163e63a874687b5abebfcee2f09968beee76ca1",
                "permissions": [
                  "FULL_CONTROL"
                ],
                "type": "CanonicalUser",
                "uri": ""
              }
            ],
            "hosted_zone_id": "Z3AQBSTGFYJSTF",
            "id": "raas-terraform-state-bucket",
            "lifecycle_rule": [],
            "logging": [],
            "object_lock_configuration": [],
            "object_lock_enabled": false,
            "policy": "",
            "region": "us-east-1",
            "replication_configuration": [],
            "request_payer": "BucketOwner",
            "server_side_encryption_configuration": [
              {
                "rule": [
                  {
                    "apply_server_side_encryption_by_default": [
                      {
                        "kms_master_key_id": "",
                        "sse_algorithm": "AES256"
                      }
                    ],
                    "bucket_key_enabled": false
                  }
                ]
              }
            ],
            "tags": {
              "Environment": "dev",
              "Name": "RaaS-Terraform-State-Bucket"
            },
            "tags_all": {
              "Environment": "dev",
              "Name": "RaaS-Terraform-State-Bucket"
            },
            "timeouts": null,
            "versioning": [
              {
                "enabled": false,
                "mfa_delete": false
              }
            ],
            "website": [],
            "website_domain": null,
            "website_endpoint": null
          },
          "sensitive_attributes": [],
          "identity_schema_version": 0,
          "identity": {
            "account_id": "061051251789",
            "bucket": "raas-terraform-state-bucket",
            "region": "us-east-1"
          },
          "private": "eyJlMmJmYjczMC1lY2FhLTExZTYtOGY4OC0zNDM2M2JjN2M0YzAiOnsiY3JlYXRlIjoxMjAwMDAwMDAwMDAwLCJkZWxldGUiOjM2MDAwMDAwMDAwMDAsInJlYWQiOjEyMDAwMDAwMDAwMDAsInVwZGF0ZSI6MTIwMDAwMDAwMDAwMH0sInNjaGVtYV92ZXJzaW9uIjoiMCJ9"
        }
      ]
    },
    {
      "module": "module.iam_role_github_oidc",
      "mode": "data",
      "type": "aws_caller_identity",
      "name": "current",
      "provider": "provider[\"registry.terraform.io/hashicorp/aws\"]",
      "instances": [
        {
          "index_key": 0,
          "schema_version": 0,
          "attributes": {
            "account_id": "061051251789",
            "arn": "arn:aws:iam::061051251789:user/myproject_user_1",
            "id": "061051251789",
            "user_id": "AIDAQ4NXQFRGWRFWVSP6P"
          },
          "sensitive_attributes": [],
          "identity_schema_version": 0
        }
      ]
    },
    {
      "module": "module.iam_role_github_oidc",
      "mode": "data",
      "type": "aws_iam_policy_document",
      "name": "inline",
      "provider": "provider[\"registry.terraform.io/hashicorp/aws\"]",
      "instances": []
    },
    {
      "module": "module.iam_role_github_oidc",
      "mode": "data",
      "type": "aws_iam_policy_document",
      "name": "this",
      "provider": "provider[\"registry.terraform.io/hashicorp/aws\"]",
      "instances": [
        {
          "index_key": 0,
          "schema_version": 0,
          "attributes": {
            "id": "3412160014",
            "json": "{\n  \"Version\": \"2012-10-17\",\n  \"Statement\": [\n    {\n      \"Sid\": \"GithubOidcAuth\",\n      \"Effect\": \"Allow\",\n      \"Action\": [\n        \"sts:TagSession\",\n        \"sts:AssumeRoleWithWebIdentity\"\n      ],\n      \"Principal\": {\n        \"Federated\": \"arn:aws:iam::061051251789:oidc-provider/token.actions.githubusercontent.com\"\n      },\n      \"Condition\": {\n        \"ForAllValues:StringEquals\": {\n          \"token.actions.githubusercontent.com:aud\": \"sts.amazonaws.com\",\n          \"token.actions.githubusercontent.com:iss\": \"https://token.actions.githubusercontent.com\"\n        },\n        \"StringLike\": {\n          \"token.actions.githubusercontent.com:sub\": \"repo:RaseefAzeez/RaaS:environment:infra-dev-setup\"\n        }\n      }\n    }\n  ]\n}",
            "minified_json": "{\"Version\":\"2012-10-17\",\"Statement\":[{\"Sid\":\"GithubOidcAuth\",\"Effect\":\"Allow\",\"Action\":[\"sts:TagSession\",\"sts:AssumeRoleWithWebIdentity\"],\"Principal\":{\"Federated\":\"arn:aws:iam::061051251789:oidc-provider/token.actions.githubusercontent.com\"},\"Condition\":{\"ForAllValues:StringEquals\":{\"token.actions.githubusercontent.com:aud\":\"sts.amazonaws.com\",\"token.actions.githubusercontent.com:iss\":\"https://token.actions.githubusercontent.com\"},\"StringLike\":{\"token.actions.githubusercontent.com:sub\":\"repo:RaseefAzeez/RaaS:environment:infra-dev-setup\"}}}]}",
            "override_json": null,
            "override_policy_documents": null,
            "policy_id": null,
            "source_json": null,
            "source_policy_documents": null,
            "statement": [
              {
                "actions": [
                  "sts:AssumeRoleWithWebIdentity",
                  "sts:TagSession"
                ],
                "condition": [
                  {
                    "test": "ForAllValues:StringEquals",
                    "values": [
                      "https://token.actions.githubusercontent.com"
                    ],
                    "variable": "token.actions.githubusercontent.com:iss"
                  },
                  {
                    "test": "ForAllValues:StringEquals",
                    "values": [
                      "sts.amazonaws.com"
                    ],
                    "variable": "token.actions.githubusercontent.com:aud"
                  },
                  {
                    "test": "StringLike",
                    "values": [
                      "repo:RaseefAzeez/RaaS:environment:infra-dev-setup"
                    ],
                    "variable": "token.actions.githubusercontent.com:sub"
                  }
                ],
                "effect": "Allow",
                "not_actions": [],
                "not_principals": [],
                "not_resources": [],
                "principals": [
                  {
                    "identifiers": [
                      "arn:aws:iam::061051251789:oidc-provider/token.actions.githubusercontent.com"
                    ],
                    "type": "Federated"
                  }
                ],
                "resources": [],
                "sid": "GithubOidcAuth"
              }
            ],
            "version": "2012-10-17"
          },
          "sensitive_attributes": [],
          "identity_schema_version": 0
        }
      ]
    },
    {
      "module": "module.iam_role_github_oidc",
      "mode": "data",
      "type": "aws_partition",
      "name": "current",
      "provider": "provider[\"registry.terraform.io/hashicorp/aws\"]",
      "instances": [
        {
          "index_key": 0,
          "schema_version": 0,
          "attributes": {
            "dns_suffix": "amazonaws.com",
            "id": "aws",
            "partition": "aws",
            "reverse_dns_prefix": "com.amazonaws"
          },
          "sensitive_attributes": [],
          "identity_schema_version": 0
        }
      ]
    },
    {
      "module": "module.iam_role_github_oidc",
      "mode": "managed",
      "type": "aws_iam_instance_profile",
      "name": "this",
      "provider": "provider[\"registry.terraform.io/hashicorp/aws\"]",
      "instances": []
    },
    {
      "module": "module.iam_role_github_oidc",
      "mode": "managed",
      "type": "aws_iam_role",
      "name": "this",
      "provider": "provider[\"registry.terraform.io/hashicorp/aws\"]",
      "instances": [
        {
          "index_key": 0,
          "schema_version": 0,
          "attributes": {
            "arn": "arn:aws:iam::061051251789:role/GitHub-OIDC-RaaS-Deploy-Role-20251129112612330200000001",
            "assume_role_policy": "{\"Statement\":[{\"Action\":[\"sts:TagSession\",\"sts:AssumeRoleWithWebIdentity\"],\"Condition\":{\"ForAllValues:StringEquals\":{\"token.actions.githubusercontent.com:aud\":\"sts.amazonaws.com\",\"token.actions.githubusercontent.com:iss\":\"https://token.actions.githubusercontent.com\"},\"StringLike\":{\"token.actions.githubusercontent.com:sub\":\"repo:RaseefAzeez/RaaS:environment:infra-dev-setup\"}},\"Effect\":\"Allow\",\"Principal\":{\"Federated\":\"arn:aws:iam::061051251789:oidc-provider/token.actions.githubusercontent.com\"},\"Sid\":\"GithubOidcAuth\"}],\"Version\":\"2012-10-17\"}",
            "create_date": "2025-11-29T11:26:13Z",
            "description": "",
            "force_detach_policies": true,
            "id": "GitHub-OIDC-RaaS-Deploy-Role-20251129112612330200000001",
            "inline_policy": [],
            "managed_policy_arns": [
              "arn:aws:iam::aws:policy/AdministratorAccess"
            ],
            "max_session_duration": 3600,
            "name": "GitHub-OIDC-RaaS-Deploy-Role-20251129112612330200000001",
            "name_prefix": "GitHub-OIDC-RaaS-Deploy-Role-",
            "path": "/",
            "permissions_boundary": "",
            "tags": {
              "Environment": "dev",
              "Terraform": "true"
            },
            "tags_all": {
              "Environment": "dev",
              "Terraform": "true"
            },
            "unique_id": "AROAQ4NXQFRGSBM7HBBCI"
          },
          "sensitive_attributes": [],
          "identity_schema_version": 0,
          "identity": {
            "account_id": "061051251789",
            "name": "GitHub-OIDC-RaaS-Deploy-Role-20251129112612330200000001"
          },
          "private": "bnVsbA==",
          "dependencies": [
            "module.iam_role_github_oidc.data.aws_caller_identity.current",
            "module.iam_role_github_oidc.data.aws_iam_policy_document.this",
            "module.iam_role_github_oidc.data.aws_partition.current"
          ],
          "create_before_destroy": true
        }
      ]
    },
    {
      "module": "module.iam_role_github_oidc",
      "mode": "managed",
      "type": "aws_iam_role_policy",
      "name": "inline",
      "provider": "provider[\"registry.terraform.io/hashicorp/aws\"]",
      "instances": []
    },
    {
      "module": "module.iam_role_github_oidc",
      "mode": "managed",
      "type": "aws_iam_role_policy_attachment",
      "name": "this",
      "provider": "provider[\"registry.terraform.io/hashicorp/aws\"]",
      "instances": [
        {
          "index_key": "TerraformFull",
          "schema_version": 0,
          "attributes": {
            "id": "GitHub-OIDC-RaaS-Deploy-Role-20251129112612330200000001/arn:aws:iam::aws:policy/AdministratorAccess",
            "policy_arn": "arn:aws:iam::aws:policy/AdministratorAccess",
            "role": "GitHub-OIDC-RaaS-Deploy-Role-20251129112612330200000001"
          },
          "sensitive_attributes": [],
          "identity_schema_version": 0,
          "identity": {
            "account_id": "061051251789",
            "policy_arn": "arn:aws:iam::aws:policy/AdministratorAccess",
            "role": "GitHub-OIDC-RaaS-Deploy-Role-20251129112612330200000001"
          },
          "private": "bnVsbA==",
          "dependencies": [
            "module.iam_role_github_oidc.aws_iam_role.this",
            "module.iam_role_github_oidc.data.aws_caller_identity.current",
            "module.iam_role_github_oidc.data.aws_iam_policy_document.this",
            "module.iam_role_github_oidc.data.aws_partition.current"
          ]
        }
      ]
    }
  ],
  "check_results": null
}
